
Microsoft Visual Studio Solution File, Format Version 12.00
# Visual Studio Version 16
VisualStudioVersion = 16.0.31424.327
MinimumVisualStudioVersion = 10.0.40219.1
Project("{FAE04EC0-301F-11D3-BF4B-00C04F79EFBC}") = "vi2FileWatcher", "vi2FileWatcher\vi2FileWatcher.csproj", "{D19C900D-5C29-4BB6-AF06-3A5AF88CB239}"
EndProject
Global
	GlobalSection(SolutionConfigurationPlatforms) = preSolution
		Debug|Any CPU = Debug|Any CPU
		Release|Any CPU = Release|Any CPU
	EndGlobalSection
	GlobalSection(ProjectConfigurationPlatforms) = postSolution
		{D19C900D-5C29-4BB6-AF06-3A5AF88CB239}.Debug|Any CPU.ActiveCfg = Debug|Any CPU
		{D19C900D-5C29-4BB6-AF06-3A5AF88CB239}.Debug|Any CPU.Build.0 = Debug|Any CPU
		{D19C900D-5C29-4BB6-AF06-3A5AF88CB239}.Release|Any CPU.ActiveCfg = Release|Any CPU
		{D19C900D-5C29-4BB6-AF06-3A5AF88CB239}.Release|Any CPU.Build.0 = Release|Any CPU
	EndGlobalSection
	GlobalSection(SolutionProperties) = preSolution
		HideSolutionNode = FALSE
	EndGlobalSection
	GlobalSection(ExtensibilityGlobals) = postSolution
		SolutionGuid = {CD95E6F8-6340-4C65-8076-52DD379D837A}
	EndGlobalSection
EndGlobal
